
Microsoft Visual Studio Solution File, Format Version 12.00
# Visual Studio 2013
VisualStudioVersion = 12.0.21005.1
MinimumVisualStudioVersion = 10.0.40219.1
Project("{FAE04EC0-301F-11D3-BF4B-00C04F79EFBC}") = "MVC_DeleteLater", "MVC_DeleteLater\MVC_DeleteLater.csproj", "{0E18099A-40B8-4A83-B75F-06BF00179134}"
EndProject
Project("{FAE04EC0-301F-11D3-BF4B-00C04F79EFBC}") = "MVC_DeleteLater.Tests", "MVC_DeleteLater.Tests\MVC_DeleteLater.Tests.csproj", "{B3907BE6-636A-44A9-B632-FA960BABD204}"
EndProject
Global
	GlobalSection(SolutionConfigurationPlatforms) = preSolution
		Debug|Any CPU = Debug|Any CPU
		Release|Any CPU = Release|Any CPU
	EndGlobalSection
	GlobalSection(ProjectConfigurationPlatforms) = postSolution
		{0E18099A-40B8-4A83-B75F-06BF00179134}.Debug|Any CPU.ActiveCfg = Debug|Any CPU
		{0E18099A-40B8-4A83-B75F-06BF00179134}.Debug|Any CPU.Build.0 = Debug|Any CPU
		{0E18099A-40B8-4A83-B75F-06BF00179134}.Release|Any CPU.ActiveCfg = Release|Any CPU
		{0E18099A-40B8-4A83-B75F-06BF00179134}.Release|Any CPU.Build.0 = Release|Any CPU
		{B3907BE6-636A-44A9-B632-FA960BABD204}.Debug|Any CPU.ActiveCfg = Debug|Any CPU
		{B3907BE6-636A-44A9-B632-FA960BABD204}.Debug|Any CPU.Build.0 = Debug|Any CPU
		{B3907BE6-636A-44A9-B632-FA960BABD204}.Release|Any CPU.ActiveCfg = Release|Any CPU
		{B3907BE6-636A-44A9-B632-FA960BABD204}.Release|Any CPU.Build.0 = Release|Any CPU
	EndGlobalSection
	GlobalSection(SolutionProperties) = preSolution
		HideSolutionNode = FALSE
	EndGlobalSection
EndGlobal
